// !$*UTF8*$!
{
	archiveVersion = 1;
	classes = {
	};
	objectVersion = 50;
	objects = {

/* Begin PBXBuildFile section */
		BC41E36D24C37A9900A0FEF3 /* AppDelegate.swift in Sources */ = {isa = PBXBuildFile; fileRef = BC41E36C24C37A9900A0FEF3 /* AppDelegate.swift */; };
		BC41E36F24C37A9900A0FEF3 /* SceneDelegate.swift in Sources */ = {isa = PBXBuildFile; fileRef = BC41E36E24C37A9900A0FEF3 /* SceneDelegate.swift */; };
		BC41E37124C37A9900A0FEF3 /* ViewController.swift in Sources */ = {isa = PBXBuildFile; fileRef = BC41E37024C37A9900A0FEF3 /* ViewController.swift */; };
		BC41E37424C37A9900A0FEF3 /* Main.storyboard in Resources */ = {isa = PBXBuildFile; fileRef = BC41E37224C37A9900A0FEF3 /* Main.storyboard */; };
		BC41E37624C37A9A00A0FEF3 /* Assets.xcassets in Resources */ = {isa = PBXBuildFile; fileRef = BC41E37524C37A9A00A0FEF3 /* Assets.xcassets */; };
		BC41E37924C37A9A00A0FEF3 /* LaunchScreen.storyboard in Resources */ = {isa = PBXBuildFile; fileRef = BC41E37724C37A9A00A0FEF3 /* LaunchScreen.storyboard */; };
		BC41E38124C37D3B00A0FEF3 /* Biometrics.swift in Sources */ = {isa = PBXBuildFile; fileRef = BC41E38024C37D3B00A0FEF3 /* Biometrics.swift */; };
/* End PBXBuildFile section */

/* Begin PBXFileReference section */
		BC41E36924C37A9900A0FEF3 /* Biometrics-UIKit.app */ = {isa = PBXFileReference; explicitFileType = wrapper.application; includeInIndex = 0; path = "Biometrics-UIKit.app"; sourceTree = BUILT_PRODUCTS_DIR; };
		BC41E36C24C37A9900A0FEF3 /* AppDelegate.swift */ = {isa = PBXFileReference; lastKnownFileType = sourcecode.swift; path = AppDelegate.swift; sourceTree = "<group>"; };
		BC41E36E24C37A9900A0FEF3 /* SceneDelegate.swift */ = {isa = PBXFileReference; lastKnownFileType = sourcecode.swift; path = SceneDelegate.swift; sourceTree = "<group>"; };
		BC41E37024C37A9900A0FEF3 /* ViewController.swift */ = {isa = PBXFileReference; lastKnownFileType = sourcecode.swift; path = ViewController.swift; sourceTree = "<group>"; };
		BC41E37324C37A9900A0FEF3 /* Base */ = {isa = PBXFileReference; lastKnownFileType = file.storyboard; name = Base; path = Base.lproj/Main.storyboard; sourceTree = "<group>"; };
		BC41E37524C37A9A00A0FEF3 /* Assets.xcassets */ = {isa = PBXFileReference; lastKnownFileType = folder.assetcatalog; path = Assets.xcassets; sourceTree = "<group>"; };
		BC41E37824C37A9A00A0FEF3 /* Base */ = {isa = PBXFileReference; lastKnownFileType = file.storyboard; name = Base; path = Base.lproj/LaunchScreen.storyboard; sourceTree = "<group>"; };
		BC41E37A24C37A9A00A0FEF3 /* Info.plist */ = {isa = PBXFileReference; lastKnownFileType = text.plist.xml; path = Info.plist; sourceTree = "<group>"; };
		BC41E38024C37D3B00A0FEF3 /* Biometrics.swift */ = {isa = PBXFileReference; lastKnownFileType = sourcecode.swift; path = Biometrics.swift; sourceTree = "<group>"; };
/* End PBXFileReference section */

/* Begin PBXFrameworksBuildPhase section */
		BC41E36624C37A9900A0FEF3 /* Frameworks */ = {
			isa = PBXFrameworksBuildPhase;
			buildActionMask = 2147483647;
			files = (
			);
			runOnlyForDeploymentPostprocessing = 0;
		};
/* End PBXFrameworksBuildPhase section */

/* Begin PBXGroup section */
		BC41E36024C37A9900A0FEF3 = {
			isa = PBXGroup;
			children = (
				BC41E36B24C37A9900A0FEF3 /* Biometrics-UIKit */,
				BC41E36A24C37A9900A0FEF3 /* Products */,
			);
			sourceTree = "<group>";
		};
		BC41E36A24C37A9900A0FEF3 /* Products */ = {
			isa = PBXGroup;
			children = (
				BC41E36924C37A9900A0FEF3 /* Biometrics-UIKit.app */,
			);
			name = Products;
			sourceTree = "<group>";
		};
		BC41E36B24C37A9900A0FEF3 /* Biometrics-UIKit */ = {
			isa = PBXGroup;
			children = (
				BC41E36C24C37A9900A0FEF3 /* AppDelegate.swift */,
				BC41E36E24C37A9900A0FEF3 /* SceneDelegate.swift */,
				BC41E37024C37A9900A0FEF3 /* ViewController.swift */,
				BC41E37224C37A9900A0FEF3 /* Main.storyboard */,
				BC41E37524C37A9A00A0FEF3 /* Assets.xcassets */,
				BC41E37724C37A9A00A0FEF3 /* LaunchScreen.storyboard */,
				BC41E37A24C37A9A00A0FEF3 /* Info.plist */,
				BC41E38024C37D3B00A0FEF3 /* Biometrics.swift */,
			);
			path = "Biometrics-UIKit";
			sourceTree = "<group>";
		};
/* End PBXGroup section */

/* Begin PBXNativeTarget section */
		BC41E36824C37A9900A0FEF3 /* Biometrics-UIKit */ = {
			isa = PBXNativeTarget;
			buildConfigurationList = BC41E37D24C37A9A00A0FEF3 /* Build configuration list for PBXNativeTarget "Biometrics-UIKit" */;
			buildPhases = (
				BC41E36524C37A9900A0FEF3 /* Sources */,
				BC41E36624C37A9900A0FEF3 /* Frameworks */,
				BC41E36724C37A9900A0FEF3 /* Resources */,
			);
			buildRules = (
			);
			dependencies = (
			);
			name = "Biometrics-UIKit";
			productName = "Biometrics-UIKit";
			productReference = BC41E36924C37A9900A0FEF3 /* Biometrics-UIKit.app */;
			productType = "com.apple.product-type.application";
		};
/* End PBXNativeTarget section */

/* Begin PBXProject section */
		BC41E36124C37A9900A0FEF3 /* Project object */ = {
			isa = PBXProject;
			attributes = {
				LastSwiftUpdateCheck = 1150;
				LastUpgradeCheck = 1150;
				ORGANIZATIONNAME = "Thomas Kellough";
				TargetAttributes = {
					BC41E36824C37A9900A0FEF3 = {
						CreatedOnToolsVersion = 11.5;
					};
				};
			};
			buildConfigurationList = BC41E36424C37A9900A0FEF3 /* Build configuration list for PBXProject "Biometrics-UIKit" */;
			compatibilityVersion = "Xcode 9.3";
			developmentRegion = en;
			hasScannedForEncodings = 0;
			knownRegions = (
				en,
				Base,
			);
			mainGroup = BC41E36024C37A9900A0FEF3;
			productRefGroup = BC41E36A24C37A9900A0FEF3 /* Products */;
			projectDirPath = "";
			projectRoot = "";
			targets = (
				BC41E36824C37A9900A0FEF3 /* Biometrics-UIKit */,
			);
		};
/* End PBXProject section */

/* Begin PBXResourcesBuildPhase section */
		BC41E36724C37A9900A0FEF3 /* Resources */ = {
			isa = PBXResourcesBuildPhase;
			buildActionMask = 2147483647;
			files = (
				BC41E37924C37A9A00A0FEF3 /* LaunchScreen.storyboard in Resources */,
				BC41E37624C37A9A00A0FEF3 /* Assets.xcassets in Resources */,
				BC41E37424C37A9900A0FEF3 /* Main.storyboard in Resources */,
			);
			runOnlyForDeploymentPostprocessing = 0;
		};
/* End PBXResourcesBuildPhase section */

/* Begin PBXSourcesBuildPhase section */
		BC41E36524C37A9900A0FEF3 /* Sources */ = {
			isa = PBXSourcesBuildPhase;
			buildActionMask = 2147483647;
			files = (
				BC41E38124C37D3B00A0FEF3 /* Biometrics.swift in Sources */,
				BC41E37124C37A9900A0FEF3 /* ViewController.swift in Sources */,
				BC41E36D24C37A9900A0FEF3 /* AppDelegate.swift in Sources */,
				BC41E36F24C37A9900A0FEF3 /* SceneDelegate.swift in Sources */,
			);
			runOnlyForDeploymentPostprocessing = 0;
		};
/* End PBXSourcesBuildPhase section */

/* Begin PBXVariantGroup section */
		BC41E37224C37A9900A0FEF3 /* Main.storyboard */ = {
			isa = PBXVariantGroup;
			children = (
				BC41E37324C37A9900A0FEF3 /* Base */,
			);
			name = Main.storyboard;
			sourceTree = "<group>";
		};
		BC41E37724C37A9A00A0FEF3 /* LaunchScreen.storyboard */ = {
			isa = PBXVariantGroup;
			children = (
				BC41E37824C37A9A00A0FEF3 /* Base */,
			);
			name = LaunchScreen.storyboard;
			sourceTree = "<group>";
		};
/* End PBXVariantGroup section */

/* Begin XCBuildConfiguration section */
		BC41E37B24C37A9A00A0FEF3 /* Debug */ = {
			isa = XCBuildConfiguration;
			buildSettings = {
				ALWAYS_SEARCH_USER_PATHS = NO;
				CLANG_ANALYZER_NONNULL = YES;
				CLANG_ANALYZER_NUMBER_OBJECT_CONVERSION = YES_AGGRESSIVE;
				CLANG_CXX_LANGUAGE_STANDARD = "gnu++14";
				CLANG_CXX_LIBRARY = "libc++";
				CLANG_ENABLE_MODULES = YES;
				CLANG_ENABLE_OBJC_ARC = YES;
				CLANG_ENABLE_OBJC_WEAK = YES;
				CLANG_WARN_BLOCK_CAPTURE_AUTORELEASING = YES;
				CLANG_WARN_BOOL_CONVERSION = YES;
				CLANG_WARN_COMMA = YES;
				CLANG_WARN_CONSTANT_CONVERSION = YES;
				CLANG_WARN_DEPRECATED_OBJC_IMPLEMENTATIONS = YES;
				CLANG_WARN_DIRECT_OBJC_ISA_USAGE = YES_ERROR;
				CLANG_WARN_DOCUMENTATION_COMMENTS = YES;
				CLANG_WARN_EMPTY_BODY = YES;
				CLANG_WARN_ENUM_CONVERSION = YES;
				CLANG_WARN_INFINITE_RECURSION = YES;
				CLANG_WARN_INT_CONVERSION = YES;
				CLANG_WARN_NON_LITERAL_NULL_CONVERSION = YES;
				CLANG_WARN_OBJC_IMPLICIT_RETAIN_SELF = YES;
				CLANG_WARN_OBJC_LITERAL_CONVERSION = YES;
				CLANG_WARN_OBJC_ROOT_CLASS = YES_ERROR;
				CLANG_WARN_RANGE_LOOP_ANALYSIS = YES;
				CLANG_WARN_STRICT_PROTOTYPES = YES;
				CLANG_WARN_SUSPICIOUS_MOVE = YES;
				CLANG_WARN_UNGUARDED_AVAILABILITY = YES_AGGRESSIVE;
				CLANG_WARN_UNREACHABLE_CODE = YES;
				CLANG_WARN__DUPLICATE_METHOD_MATCH = YES;
				COPY_PHASE_STRIP = NO;
				DEBUG_INFORMATION_FORMAT = dwarf;
				ENABLE_STRICT_OBJC_MSGSEND = YES;
				ENABLE_TESTABILITY = YES;
				GCC_C_LANGUAGE_STANDARD = gnu11;
				GCC_DYNAMIC_NO_PIC = NO;
				GCC_NO_COMMON_BLOCKS = YES;
				GCC_OPTIMIZATION_LEVEL = 0;
				GCC_PREPROCESSOR_DEFINITIONS = (
					"DEBUG=1",
					"$(inherited)",
				);
				GCC_WARN_64_TO_32_BIT_CONVERSION = YES;
				GCC_WARN_ABOUT_RETURN_TYPE = YES_ERROR;
				GCC_WARN_UNDECLARED_SELECTOR = YES;
				GCC_WARN_UNINITIALIZED_AUTOS = YES_AGGRESSIVE;
				GCC_WARN_UNUSED_FUNCTION = YES;
				GCC_WARN_UNUSED_VARIABLE = YES;
				IPHONEOS_DEPLOYMENT_TARGET = 13.5;
				MTL_ENABLE_DEBUG_INFO = INCLUDE_SOURCE;
				MTL_FAST_MATH = YES;
				ONLY_ACTIVE_ARCH = YES;
				SDKROOT = iphoneos;
				SWIFT_ACTIVE_COMPILATION_CONDITIONS = DEBUG;
				SWIFT_OPTIMIZATION_LEVEL = "-Onone";
			};
			name = Debug;
		};
		BC41E37C24C37A9A00A0FEF3 /* Release */ = {
			isa = XCBuildConfiguration;
			buildSettings = {
				ALWAYS_SEARCH_USER_PATHS = NO;
				CLANG_ANALYZER_NONNULL = YES;
				CLANG_ANALYZER_NUMBER_OBJECT_CONVERSION = YES_AGGRESSIVE;
				CLANG_CXX_LANGUAGE_STANDARD = "gnu++14";
				CLANG_CXX_LIBRARY = "libc++";
				CLANG_ENABLE_MODULES = YES;
				CLANG_ENABLE_OBJC_ARC = YES;
				CLANG_ENABLE_OBJC_WEAK = YES;
				CLANG_WARN_BLOCK_CAPTURE_AUTORELEASING = YES;
				CLANG_WARN_BOOL_CONVERSION = YES;
				CLANG_WARN_COMMA = YES;
				CLANG_WARN_CONSTANT_CONVERSION = YES;
				CLANG_WARN_DEPRECATED_OBJC_IMPLEMENTATIONS = YES;
				CLANG_WARN_DIRECT_OBJC_ISA_USAGE = YES_ERROR;
				CLANG_WARN_DOCUMENTATION_COMMENTS = YES;
				CLANG_WARN_EMPTY_BODY = YES;
				CLANG_WARN_ENUM_CONVERSION = YES;
				CLANG_WARN_INFINITE_RECURSION = YES;
				CLANG_WARN_INT_CONVERSION = YES;
				CLANG_WARN_NON_LITERAL_NULL_CONVERSION = YES;
				CLANG_WARN_OBJC_IMPLICIT_RETAIN_SELF = YES;
				CLANG_WARN_OBJC_LITERAL_CONVERSION = YES;
				CLANG_WARN_OBJC_ROOT_CLASS = YES_ERROR;
				CLANG_WARN_RANGE_LOOP_ANALYSIS = YES;
				CLANG_WARN_STRICT_PROTOTYPES = YES;
				CLANG_WARN_SUSPICIOUS_MOVE = YES;
				CLANG_WARN_UNGUARDED_AVAILABILITY = YES_AGGRESSIVE;
				CLANG_WARN_UNREACHABLE_CODE = YES;
				CLANG_WARN__DUPLICATE_METHOD_MATCH = YES;
				COPY_PHASE_STRIP = NO;
				DEBUG_INFORMATION_FORMAT = "dwarf-with-dsym";
				ENABLE_NS_ASSERTIONS = NO;
				ENABLE_STRICT_OBJC_MSGSEND = YES;
				GCC_C_LANGUAGE_STANDARD = gnu11;
				GCC_NO_COMMON_BLOCKS = YES;
				GCC_WARN_64_TO_32_BIT_CONVERSION = YES;
				GCC_WARN_ABOUT_RETURN_TYPE = YES_ERROR;
				GCC_WARN_UNDECLARED_SELECTOR = YES;
				GCC_WARN_UNINITIALIZED_AUTOS = YES_AGGRESSIVE;
				GCC_WARN_UNUSED_FUNCTION = YES;
				GCC_WARN_UNUSED_VARIABLE = YES;
				IPHONEOS_DEPLOYMENT_TARGET = 13.5;
				MTL_ENABLE_DEBUG_INFO = NO;
				MTL_FAST_MATH = YES;
				SDKROOT = iphoneos;
				SWIFT_COMPILATION_MODE = wholemodule;
				SWIFT_OPTIMIZATION_LEVEL = "-O";
				VALIDATE_PRODUCT = YES;
			};
			name = Release;
		};
		BC41E37E24C37A9A00A0FEF3 /* Debug */ = {
			isa = XCBuildConfiguration;
			buildSettings = {
				ASSETCATALOG_COMPILER_APPICON_NAME = AppIcon;
				CODE_SIGN_STYLE = Automatic;
				DEVELOPMENT_TEAM = GMC4Z3BP4Y;
				INFOPLIST_FILE = "Biometrics-UIKit/Info.plist";
				IPHONEOS_DEPLOYMENT_TARGET = 12.0;
				LD_RUNPATH_SEARCH_PATHS = (
					"$(inherited)",
					"@executable_path/Frameworks",
				);
				PRODUCT_BUNDLE_IDENTIFIER = "com.kellough.Biometrics-UIKit";
				PRODUCT_NAME = "$(TARGET_NAME)";
				SWIFT_VERSION = 5.0;
				TARGETED_DEVICE_FAMILY = "1,2";
			};
			name = Debug;
		};
		BC41E37F24C37A9A00A0FEF3 /* Release */ = {
			isa = XCBuildConfiguration;
			buildSettings = {
				ASSETCATALOG_COMPILER_APPICON_NAME = AppIcon;
				CODE_SIGN_STYLE = Automatic;
				DEVELOPMENT_TEAM = GMC4Z3BP4Y;
				INFOPLIST_FILE = "Biometrics-UIKit/Info.plist";
				IPHONEOS_DEPLOYMENT_TARGET = 12.0;
				LD_RUNPATH_SEARCH_PATHS = (
					"$(inherited)",
					"@executable_path/Frameworks",
				);
				PRODUCT_BUNDLE_IDENTIFIER = "com.kellough.Biometrics-UIKit";
				PRODUCT_NAME = "$(TARGET_NAME)";
				SWIFT_VERSION = 5.0;
				TARGETED_DEVICE_FAMILY = "1,2";
			};
			name = Release;
		};
/* End XCBuildConfiguration section */

/* Begin XCConfigurationList section */
		BC41E36424C37A9900A0FEF3 /* Build configuration list for PBXProject "Biometrics-UIKit" */ = {
			isa = XCConfigurationList;
			buildConfigurations = (
				BC41E37B24C37A9A00A0FEF3 /* Debug */,
				BC41E37C24C37A9A00A0FEF3 /* Release */,
			);
			defaultConfigurationIsVisible = 0;
			defaultConfigurationName = Release;
		};
		BC41E37D24C37A9A00A0FEF3 /* Build configuration list for PBXNativeTarget "Biometrics-UIKit" */ = {
			isa = XCConfigurationList;
			buildConfigurations = (
				BC41E37E24C37A9A00A0FEF3 /* Debug */,
				BC41E37F24C37A9A00A0FEF3 /* Release */,
			);
			defaultConfigurationIsVisible = 0;
			defaultConfigurationName = Release;
		};
/* End XCConfigurationList section */
	};
	rootObject = BC41E36124C37A9900A0FEF3 /* Project object */;
}
